
Microsoft Visual Studio Solution File, Format Version 12.00
# Visual Studio Version 17
VisualStudioVersion = 17.2.32616.157
MinimumVisualStudioVersion = 10.0.40219.1
Project("{9A19103F-16F7-4668-BE54-9A1E7A4F7556}") = "CalorieCalculatorCore", "CalorieCalculatorCore.csproj", "{EF579C3D-D1FF-450B-AF7A-99BECFB8D2AD}"
EndProject
Project("{9A19103F-16F7-4668-BE54-9A1E7A4F7556}") = "CalorieCalculatorCore2", "..\WebApplication1\CalorieCalculatorCore2.csproj", "{8475635C-7D14-4846-8B59-6F47F3C690AC}"
EndProject
Global
	GlobalSection(SolutionConfigurationPlatforms) = preSolution
		Debug|Any CPU = Debug|Any CPU
		Release|Any CPU = Release|Any CPU
	EndGlobalSection
	GlobalSection(ProjectConfigurationPlatforms) = postSolution
		{EF579C3D-D1FF-450B-AF7A-99BECFB8D2AD}.Debug|Any CPU.ActiveCfg = Debug|Any CPU
		{EF579C3D-D1FF-450B-AF7A-99BECFB8D2AD}.Debug|Any CPU.Build.0 = Debug|Any CPU
		{EF579C3D-D1FF-450B-AF7A-99BECFB8D2AD}.Release|Any CPU.ActiveCfg = Release|Any CPU
		{EF579C3D-D1FF-450B-AF7A-99BECFB8D2AD}.Release|Any CPU.Build.0 = Release|Any CPU
		{8475635C-7D14-4846-8B59-6F47F3C690AC}.Debug|Any CPU.ActiveCfg = Debug|Any CPU
		{8475635C-7D14-4846-8B59-6F47F3C690AC}.Debug|Any CPU.Build.0 = Debug|Any CPU
		{8475635C-7D14-4846-8B59-6F47F3C690AC}.Release|Any CPU.ActiveCfg = Release|Any CPU
		{8475635C-7D14-4846-8B59-6F47F3C690AC}.Release|Any CPU.Build.0 = Release|Any CPU
	EndGlobalSection
	GlobalSection(SolutionProperties) = preSolution
		HideSolutionNode = FALSE
	EndGlobalSection
	GlobalSection(ExtensibilityGlobals) = postSolution
		SolutionGuid = {3371DB14-E191-4266-9ACB-3E3C31775DA0}
	EndGlobalSection
EndGlobal
